{
  "name": "@mahope/deskuptime",
  "version": "0.2.8",
  "lockfileVersion": 3,
  "requires": true,
  "packages": {
    "": {
      "name": "@mahope/deskuptime",
      "version": "0.2.8",
      "license": "MIT",
      "bin": {
        "deskuptime": "src/cli.js"
      },
      "engines": {
        "node": ">=24"
      }
    }
  }
}
